Microsoft Visual Studio Solution File, Format Version 11.00
# Visual Studio 2008

Project("{23727285-A131-FFB6-0B5C-C7764327AF4B}") = "Hardcore Parkour", "Assembly-CSharp-firstpass.csproj", "{E6F83253-2B4B-0C3B-5B8C-94D3151FD459}"
EndProject
Project("{23727285-A131-FFB6-0B5C-C7764327AF4B}") = "Hardcore Parkour", "Assembly-UnityScript-firstpass.unityproj", "{4681F1C0-49E4-E7AB-BF93-DAC3EB4D6CEF}"
EndProject
Project("{23727285-A131-FFB6-0B5C-C7764327AF4B}") = "Hardcore Parkour", "Assembly-UnityScript.unityproj", "{A0AC4496-3550-8BE3-B30A-C6CB90DB109E}"
EndProject
Global
	GlobalSection(SolutionConfigurationPlatforms) = preSolution
		Debug|Any CPU = Debug|Any CPU
		Release|Any CPU = Release|Any CPU
	EndGlobalSection
	GlobalSection(ProjectConfigurationPlatforms) = postSolution
		{E6F83253-2B4B-0C3B-5B8C-94D3151FD459}.Debug|Any CPU.ActiveCfg = Debug|Any CPU
		{E6F83253-2B4B-0C3B-5B8C-94D3151FD459}.Debug|Any CPU.Build.0 = Debug|Any CPU
		{E6F83253-2B4B-0C3B-5B8C-94D3151FD459}.Release|Any CPU.ActiveCfg = Release|Any CPU
		{E6F83253-2B4B-0C3B-5B8C-94D3151FD459}.Release|Any CPU.Build.0 = Release|Any CPU
		{4681F1C0-49E4-E7AB-BF93-DAC3EB4D6CEF}.Debug|Any CPU.ActiveCfg = Debug|Any CPU
		{4681F1C0-49E4-E7AB-BF93-DAC3EB4D6CEF}.Debug|Any CPU.Build.0 = Debug|Any CPU
		{4681F1C0-49E4-E7AB-BF93-DAC3EB4D6CEF}.Release|Any CPU.ActiveCfg = Release|Any CPU
		{4681F1C0-49E4-E7AB-BF93-DAC3EB4D6CEF}.Release|Any CPU.Build.0 = Release|Any CPU
		{A0AC4496-3550-8BE3-B30A-C6CB90DB109E}.Debug|Any CPU.ActiveCfg = Debug|Any CPU
		{A0AC4496-3550-8BE3-B30A-C6CB90DB109E}.Debug|Any CPU.Build.0 = Debug|Any CPU
		{A0AC4496-3550-8BE3-B30A-C6CB90DB109E}.Release|Any CPU.ActiveCfg = Release|Any CPU
		{A0AC4496-3550-8BE3-B30A-C6CB90DB109E}.Release|Any CPU.Build.0 = Release|Any CPU
	EndGlobalSection
	GlobalSection(SolutionProperties) = preSolution
		HideSolutionNode = FALSE
	EndGlobalSection
																																																																																										GlobalSection(MonoDevelopProperties) = preSolution
		StartupItem = Assembly-CSharp.csproj
		Policies = $0
		$0.TextStylePolicy = $1
		$1.inheritsSet = null
		$1.scope = text/x-csharp
		$0.CSharpFormattingPolicy = $2
		$2.inheritsSet = Mono
		$2.inheritsScope = text/x-csharp
		$2.scope = text/x-csharp
		$0.TextStylePolicy = $3
		$3.FileWidth = 120
		$3.TabWidth = 4
		$3.EolMarker = Unix
		$3.inheritsSet = Mono
		$3.inheritsScope = text/plain
		$3.scope = text/plain
	EndGlobalSection

EndGlobal
